// !$*UTF8*$!
{
	archiveVersion = 1;
	classes = {
	};
	objectVersion = 50;
	objects = {

/* Begin PBXBuildFile section */
		43DEBC8222FB1ED9001196D2 /* AppDelegate.swift in Sources */ = {isa = PBXBuildFile; fileRef = 43DEBC8122FB1ED9001196D2 /* AppDelegate.swift */; };
		43DEBC8422FB1ED9001196D2 /* ViewController.swift in Sources */ = {isa = PBXBuildFile; fileRef = 43DEBC8322FB1ED9001196D2 /* ViewController.swift */; };
		43DEBC8722FB1ED9001196D2 /* Main.storyboard in Resources */ = {isa = PBXBuildFile; fileRef = 43DEBC8522FB1ED9001196D2 /* Main.storyboard */; };
		43DEBC8922FB1EDA001196D2 /* Assets.xcassets in Resources */ = {isa = PBXBuildFile; fileRef = 43DEBC8822FB1EDA001196D2 /* Assets.xcassets */; };
		43DEBC8C22FB1EDA001196D2 /* LaunchScreen.storyboard in Resources */ = {isa = PBXBuildFile; fileRef = 43DEBC8A22FB1EDA001196D2 /* LaunchScreen.storyboard */; };
		472ABD242C92C9F6C8E132A3 /* Pods_TapTalk.framework in Frameworks */ = {isa = PBXBuildFile; fileRef = C724F3714678C8B1BD9C373F /* Pods_TapTalk.framework */; };
/* End PBXBuildFile section */

/* Begin PBXFileReference section */
		43DEBC7E22FB1ED9001196D2 /* TapTalk.app */ = {isa = PBXFileReference; explicitFileType = wrapper.application; includeInIndex = 0; path = TapTalk.app; sourceTree = BUILT_PRODUCTS_DIR; };
		43DEBC8122FB1ED9001196D2 /* AppDelegate.swift */ = {isa = PBXFileReference; lastKnownFileType = sourcecode.swift; path = AppDelegate.swift; sourceTree = "<group>"; };
		43DEBC8322FB1ED9001196D2 /* ViewController.swift */ = {isa = PBXFileReference; lastKnownFileType = sourcecode.swift; path = ViewController.swift; sourceTree = "<group>"; };
		43DEBC8622FB1ED9001196D2 /* Base */ = {isa = PBXFileReference; lastKnownFileType = file.storyboard; name = Base; path = Base.lproj/Main.storyboard; sourceTree = "<group>"; };
		43DEBC8822FB1EDA001196D2 /* Assets.xcassets */ = {isa = PBXFileReference; lastKnownFileType = folder.assetcatalog; path = Assets.xcassets; sourceTree = "<group>"; };
		43DEBC8B22FB1EDA001196D2 /* Base */ = {isa = PBXFileReference; lastKnownFileType = file.storyboard; name = Base; path = Base.lproj/LaunchScreen.storyboard; sourceTree = "<group>"; };
		43DEBC8D22FB1EDA001196D2 /* Info.plist */ = {isa = PBXFileReference; lastKnownFileType = text.plist.xml; path = Info.plist; sourceTree = "<group>"; };
		50A92A388A8D305BD2A06556 /* Pods-TapTalk.debug.xcconfig */ = {isa = PBXFileReference; includeInIndex = 1; lastKnownFileType = text.xcconfig; name = "Pods-TapTalk.debug.xcconfig"; path = "Target Support Files/Pods-TapTalk/Pods-TapTalk.debug.xcconfig"; sourceTree = "<group>"; };
		A71F3BBD594A0EAD841C8E57 /* Pods-TapTalk.release.xcconfig */ = {isa = PBXFileReference; includeInIndex = 1; lastKnownFileType = text.xcconfig; name = "Pods-TapTalk.release.xcconfig"; path = "Target Support Files/Pods-TapTalk/Pods-TapTalk.release.xcconfig"; sourceTree = "<group>"; };
		C724F3714678C8B1BD9C373F /* Pods_TapTalk.framework */ = {isa = PBXFileReference; explicitFileType = wrapper.framework; includeInIndex = 0; path = Pods_TapTalk.framework; sourceTree = BUILT_PRODUCTS_DIR; };
/* End PBXFileReference section */

/* Begin PBXFrameworksBuildPhase section */
		43DEBC7B22FB1ED9001196D2 /* Frameworks */ = {
			isa = PBXFrameworksBuildPhase;
			buildActionMask = 2147483647;
			files = (
				472ABD242C92C9F6C8E132A3 /* Pods_TapTalk.framework in Frameworks */,
			);
			runOnlyForDeploymentPostprocessing = 0;
		};
/* End PBXFrameworksBuildPhase section */

/* Begin PBXGroup section */
		43DEBC7522FB1ED9001196D2 = {
			isa = PBXGroup;
			children = (
				43DEBC8022FB1ED9001196D2 /* TapTalk */,
				43DEBC7F22FB1ED9001196D2 /* Products */,
				F1AEB8ACD882B61CCA2DE1B4 /* Pods */,
				E5F1CED42E07CF90CD949BC8 /* Frameworks */,
			);
			sourceTree = "<group>";
		};
		43DEBC7F22FB1ED9001196D2 /* Products */ = {
			isa = PBXGroup;
			children = (
				43DEBC7E22FB1ED9001196D2 /* TapTalk.app */,
			);
			name = Products;
			sourceTree = "<group>";
		};
		43DEBC8022FB1ED9001196D2 /* TapTalk */ = {
			isa = PBXGroup;
			children = (
				43DEBC8122FB1ED9001196D2 /* AppDelegate.swift */,
				43DEBC8322FB1ED9001196D2 /* ViewController.swift */,
				43DEBC8522FB1ED9001196D2 /* Main.storyboard */,
				43DEBC8822FB1EDA001196D2 /* Assets.xcassets */,
				43DEBC8A22FB1EDA001196D2 /* LaunchScreen.storyboard */,
				43DEBC8D22FB1EDA001196D2 /* Info.plist */,
			);
			path = TapTalk;
			sourceTree = "<group>";
		};
		E5F1CED42E07CF90CD949BC8 /* Frameworks */ = {
			isa = PBXGroup;
			children = (
				C724F3714678C8B1BD9C373F /* Pods_TapTalk.framework */,
			);
			name = Frameworks;
			sourceTree = "<group>";
		};
		F1AEB8ACD882B61CCA2DE1B4 /* Pods */ = {
			isa = PBXGroup;
			children = (
				50A92A388A8D305BD2A06556 /* Pods-TapTalk.debug.xcconfig */,
				A71F3BBD594A0EAD841C8E57 /* Pods-TapTalk.release.xcconfig */,
			);
			path = Pods;
			sourceTree = "<group>";
		};
/* End PBXGroup section */

/* Begin PBXNativeTarget section */
		43DEBC7D22FB1ED9001196D2 /* TapTalk */ = {
			isa = PBXNativeTarget;
			buildConfigurationList = 43DEBC9022FB1EDA001196D2 /* Build configuration list for PBXNativeTarget "TapTalk" */;
			buildPhases = (
				AE8EFDF6D3B1B1FE991CFB77 /* [CP] Check Pods Manifest.lock */,
				43DEBC7A22FB1ED9001196D2 /* Sources */,
				43DEBC7B22FB1ED9001196D2 /* Frameworks */,
				43DEBC7C22FB1ED9001196D2 /* Resources */,
				D9737016A9968E16A9BE5323 /* [CP] Embed Pods Frameworks */,
			);
			buildRules = (
			);
			dependencies = (
			);
			name = TapTalk;
			productName = TapTalk;
			productReference = 43DEBC7E22FB1ED9001196D2 /* TapTalk.app */;
			productType = "com.apple.product-type.application";
		};
/* End PBXNativeTarget section */

/* Begin PBXProject section */
		43DEBC7622FB1ED9001196D2 /* Project object */ = {
			isa = PBXProject;
			attributes = {
				LastSwiftUpdateCheck = 1030;
				LastUpgradeCheck = 1030;
				ORGANIZATIONNAME = "Arsenkin Bogdan";
				TargetAttributes = {
					43DEBC7D22FB1ED9001196D2 = {
						CreatedOnToolsVersion = 10.3;
					};
				};
			};
			buildConfigurationList = 43DEBC7922FB1ED9001196D2 /* Build configuration list for PBXProject "TapTalk" */;
			compatibilityVersion = "Xcode 9.3";
			developmentRegion = en;
			hasScannedForEncodings = 0;
			knownRegions = (
				en,
				Base,
			);
			mainGroup = 43DEBC7522FB1ED9001196D2;
			productRefGroup = 43DEBC7F22FB1ED9001196D2 /* Products */;
			projectDirPath = "";
			projectRoot = "";
			targets = (
				43DEBC7D22FB1ED9001196D2 /* TapTalk */,
			);
		};
/* End PBXProject section */

/* Begin PBXResourcesBuildPhase section */
		43DEBC7C22FB1ED9001196D2 /* Resources */ = {
			isa = PBXResourcesBuildPhase;
			buildActionMask = 2147483647;
			files = (
				43DEBC8C22FB1EDA001196D2 /* LaunchScreen.storyboard in Resources */,
				43DEBC8922FB1EDA001196D2 /* Assets.xcassets in Resources */,
				43DEBC8722FB1ED9001196D2 /* Main.storyboard in Resources */,
			);
			runOnlyForDeploymentPostprocessing = 0;
		};
/* End PBXResourcesBuildPhase section */

/* Begin PBXShellScriptBuildPhase section */
		AE8EFDF6D3B1B1FE991CFB77 /* [CP] Check Pods Manifest.lock */ = {
			isa = PBXShellScriptBuildPhase;
			buildActionMask = 2147483647;
			files = (
			);
			inputFileListPaths = (
			);
			inputPaths = (
				"${PODS_PODFILE_DIR_PATH}/Podfile.lock",
				"${PODS_ROOT}/Manifest.lock",
			);
			name = "[CP] Check Pods Manifest.lock";
			outputFileListPaths = (
			);
			outputPaths = (
				"$(DERIVED_FILE_DIR)/Pods-TapTalk-checkManifestLockResult.txt",
			);
			runOnlyForDeploymentPostprocessing = 0;
			shellPath = /bin/sh;
			shellScript = "diff \"${PODS_PODFILE_DIR_PATH}/Podfile.lock\" \"${PODS_ROOT}/Manifest.lock\" > /dev/null\nif [ $? != 0 ] ; then\n    # print error to STDERR\n    echo \"error: The sandbox is not in sync with the Podfile.lock. Run 'pod install' or update your CocoaPods installation.\" >&2\n    exit 1\nfi\n# This output is used by Xcode 'outputs' to avoid re-running this script phase.\necho \"SUCCESS\" > \"${SCRIPT_OUTPUT_FILE_0}\"\n";
			showEnvVarsInLog = 0;
		};
		D9737016A9968E16A9BE5323 /* [CP] Embed Pods Frameworks */ = {
			isa = PBXShellScriptBuildPhase;
			buildActionMask = 2147483647;
			files = (
			);
			inputFileListPaths = (
			);
			inputPaths = (
				"${PODS_ROOT}/Target Support Files/Pods-TapTalk/Pods-TapTalk-frameworks.sh",
				"${BUILT_PRODUCTS_DIR}/SwiftyJSON/SwiftyJSON.framework",
			);
			name = "[CP] Embed Pods Frameworks";
			outputFileListPaths = (
			);
			outputPaths = (
				"${TARGET_BUILD_DIR}/${FRAMEWORKS_FOLDER_PATH}/SwiftyJSON.framework",
			);
			runOnlyForDeploymentPostprocessing = 0;
			shellPath = /bin/sh;
			shellScript = "\"${PODS_ROOT}/Target Support Files/Pods-TapTalk/Pods-TapTalk-frameworks.sh\"\n";
			showEnvVarsInLog = 0;
		};
/* End PBXShellScriptBuildPhase section */

/* Begin PBXSourcesBuildPhase section */
		43DEBC7A22FB1ED9001196D2 /* Sources */ = {
			isa = PBXSourcesBuildPhase;
			buildActionMask = 2147483647;
			files = (
				43DEBC8422FB1ED9001196D2 /* ViewController.swift in Sources */,
				43DEBC8222FB1ED9001196D2 /* AppDelegate.swift in Sources */,
			);
			runOnlyForDeploymentPostprocessing = 0;
		};
/* End PBXSourcesBuildPhase section */

/* Begin PBXVariantGroup section */
		43DEBC8522FB1ED9001196D2 /* Main.storyboard */ = {
			isa = PBXVariantGroup;
			children = (
				43DEBC8622FB1ED9001196D2 /* Base */,
			);
			name = Main.storyboard;
			sourceTree = "<group>";
		};
		43DEBC8A22FB1EDA001196D2 /* LaunchScreen.storyboard */ = {
			isa = PBXVariantGroup;
			children = (
				43DEBC8B22FB1EDA001196D2 /* Base */,
			);
			name = LaunchScreen.storyboard;
			sourceTree = "<group>";
		};
/* End PBXVariantGroup section */

/* Begin XCBuildConfiguration section */
		43DEBC8E22FB1EDA001196D2 /* Debug */ = {
			isa = XCBuildConfiguration;
			buildSettings = {
				ALWAYS_SEARCH_USER_PATHS = NO;
				CLANG_ANALYZER_NONNULL = YES;
				CLANG_ANALYZER_NUMBER_OBJECT_CONVERSION = YES_AGGRESSIVE;
				CLANG_CXX_LANGUAGE_STANDARD = "gnu++14";
				CLANG_CXX_LIBRARY = "libc++";
				CLANG_ENABLE_MODULES = YES;
				CLANG_ENABLE_OBJC_ARC = YES;
				CLANG_ENABLE_OBJC_WEAK = YES;
				CLANG_WARN_BLOCK_CAPTURE_AUTORELEASING = YES;
				CLANG_WARN_BOOL_CONVERSION = YES;
				CLANG_WARN_COMMA = YES;
				CLANG_WARN_CONSTANT_CONVERSION = YES;
				CLANG_WARN_DEPRECATED_OBJC_IMPLEMENTATIONS = YES;
				CLANG_WARN_DIRECT_OBJC_ISA_USAGE = YES_ERROR;
				CLANG_WARN_DOCUMENTATION_COMMENTS = YES;
				CLANG_WARN_EMPTY_BODY = YES;
				CLANG_WARN_ENUM_CONVERSION = YES;
				CLANG_WARN_INFINITE_RECURSION = YES;
				CLANG_WARN_INT_CONVERSION = YES;
				CLANG_WARN_NON_LITERAL_NULL_CONVERSION = YES;
				CLANG_WARN_OBJC_IMPLICIT_RETAIN_SELF = YES;
				CLANG_WARN_OBJC_LITERAL_CONVERSION = YES;
				CLANG_WARN_OBJC_ROOT_CLASS = YES_ERROR;
				CLANG_WARN_RANGE_LOOP_ANALYSIS = YES;
				CLANG_WARN_STRICT_PROTOTYPES = YES;
				CLANG_WARN_SUSPICIOUS_MOVE = YES;
				CLANG_WARN_UNGUARDED_AVAILABILITY = YES_AGGRESSIVE;
				CLANG_WARN_UNREACHABLE_CODE = YES;
				CLANG_WARN__DUPLICATE_METHOD_MATCH = YES;
				CODE_SIGN_IDENTITY = "iPhone Developer";
				COPY_PHASE_STRIP = NO;
				DEBUG_INFORMATION_FORMAT = dwarf;
				ENABLE_STRICT_OBJC_MSGSEND = YES;
				ENABLE_TESTABILITY = YES;
				GCC_C_LANGUAGE_STANDARD = gnu11;
				GCC_DYNAMIC_NO_PIC = NO;
				GCC_NO_COMMON_BLOCKS = YES;
				GCC_OPTIMIZATION_LEVEL = 0;
				GCC_PREPROCESSOR_DEFINITIONS = (
					"DEBUG=1",
					"$(inherited)",
				);
				GCC_WARN_64_TO_32_BIT_CONVERSION = YES;
				GCC_WARN_ABOUT_RETURN_TYPE = YES_ERROR;
				GCC_WARN_UNDECLARED_SELECTOR = YES;
				GCC_WARN_UNINITIALIZED_AUTOS = YES_AGGRESSIVE;
				GCC_WARN_UNUSED_FUNCTION = YES;
				GCC_WARN_UNUSED_VARIABLE = YES;
				IPHONEOS_DEPLOYMENT_TARGET = 12.4;
				MTL_ENABLE_DEBUG_INFO = INCLUDE_SOURCE;
				MTL_FAST_MATH = YES;
				ONLY_ACTIVE_ARCH = YES;
				SDKROOT = iphoneos;
				SWIFT_ACTIVE_COMPILATION_CONDITIONS = DEBUG;
				SWIFT_OPTIMIZATION_LEVEL = "-Onone";
			};
			name = Debug;
		};
		43DEBC8F22FB1EDA001196D2 /* Release */ = {
			isa = XCBuildConfiguration;
			buildSettings = {
				ALWAYS_SEARCH_USER_PATHS = NO;
				CLANG_ANALYZER_NONNULL = YES;
				CLANG_ANALYZER_NUMBER_OBJECT_CONVERSION = YES_AGGRESSIVE;
				CLANG_CXX_LANGUAGE_STANDARD = "gnu++14";
				CLANG_CXX_LIBRARY = "libc++";
				CLANG_ENABLE_MODULES = YES;
				CLANG_ENABLE_OBJC_ARC = YES;
				CLANG_ENABLE_OBJC_WEAK = YES;
				CLANG_WARN_BLOCK_CAPTURE_AUTORELEASING = YES;
				CLANG_WARN_BOOL_CONVERSION = YES;
				CLANG_WARN_COMMA = YES;
				CLANG_WARN_CONSTANT_CONVERSION = YES;
				CLANG_WARN_DEPRECATED_OBJC_IMPLEMENTATIONS = YES;
				CLANG_WARN_DIRECT_OBJC_ISA_USAGE = YES_ERROR;
				CLANG_WARN_DOCUMENTATION_COMMENTS = YES;
				CLANG_WARN_EMPTY_BODY = YES;
				CLANG_WARN_ENUM_CONVERSION = YES;
				CLANG_WARN_INFINITE_RECURSION = YES;
				CLANG_WARN_INT_CONVERSION = YES;
				CLANG_WARN_NON_LITERAL_NULL_CONVERSION = YES;
				CLANG_WARN_OBJC_IMPLICIT_RETAIN_SELF = YES;
				CLANG_WARN_OBJC_LITERAL_CONVERSION = YES;
				CLANG_WARN_OBJC_ROOT_CLASS = YES_ERROR;
				CLANG_WARN_RANGE_LOOP_ANALYSIS = YES;
				CLANG_WARN_STRICT_PROTOTYPES = YES;
				CLANG_WARN_SUSPICIOUS_MOVE = YES;
				CLANG_WARN_UNGUARDED_AVAILABILITY = YES_AGGRESSIVE;
				CLANG_WARN_UNREACHABLE_CODE = YES;
				CLANG_WARN__DUPLICATE_METHOD_MATCH = YES;
				CODE_SIGN_IDENTITY = "iPhone Developer";
				COPY_PHASE_STRIP = NO;
				DEBUG_INFORMATION_FORMAT = "dwarf-with-dsym";
				ENABLE_NS_ASSERTIONS = NO;
				ENABLE_STRICT_OBJC_MSGSEND = YES;
				GCC_C_LANGUAGE_STANDARD = gnu11;
				GCC_NO_COMMON_BLOCKS = YES;
				GCC_WARN_64_TO_32_BIT_CONVERSION = YES;
				GCC_WARN_ABOUT_RETURN_TYPE = YES_ERROR;
				GCC_WARN_UNDECLARED_SELECTOR = YES;
				GCC_WARN_UNINITIALIZED_AUTOS = YES_AGGRESSIVE;
				GCC_WARN_UNUSED_FUNCTION = YES;
				GCC_WARN_UNUSED_VARIABLE = YES;
				IPHONEOS_DEPLOYMENT_TARGET = 12.4;
				MTL_ENABLE_DEBUG_INFO = NO;
				MTL_FAST_MATH = YES;
				SDKROOT = iphoneos;
				SWIFT_COMPILATION_MODE = wholemodule;
				SWIFT_OPTIMIZATION_LEVEL = "-O";
				VALIDATE_PRODUCT = YES;
			};
			name = Release;
		};
		43DEBC9122FB1EDA001196D2 /* Debug */ = {
			isa = XCBuildConfiguration;
			baseConfigurationReference = 50A92A388A8D305BD2A06556 /* Pods-TapTalk.debug.xcconfig */;
			buildSettings = {
				ASSETCATALOG_COMPILER_APPICON_NAME = AppIcon;
				CODE_SIGN_STYLE = Automatic;
				DEVELOPMENT_TEAM = R7UFNAWC4M;
				INFOPLIST_FILE = TapTalk/Info.plist;
				LD_RUNPATH_SEARCH_PATHS = (
					"$(inherited)",
					"@executable_path/Frameworks",
				);
				PRODUCT_BUNDLE_IDENTIFIER = com.DanMoss.TapTalk;
				PRODUCT_NAME = "$(TARGET_NAME)";
				SWIFT_VERSION = 5.0;
				TARGETED_DEVICE_FAMILY = "1,2";
			};
			name = Debug;
		};
		43DEBC9222FB1EDA001196D2 /* Release */ = {
			isa = XCBuildConfiguration;
			baseConfigurationReference = A71F3BBD594A0EAD841C8E57 /* Pods-TapTalk.release.xcconfig */;
			buildSettings = {
				ASSETCATALOG_COMPILER_APPICON_NAME = AppIcon;
				CODE_SIGN_STYLE = Automatic;
				DEVELOPMENT_TEAM = R7UFNAWC4M;
				INFOPLIST_FILE = TapTalk/Info.plist;
				LD_RUNPATH_SEARCH_PATHS = (
					"$(inherited)",
					"@executable_path/Frameworks",
				);
				PRODUCT_BUNDLE_IDENTIFIER = com.DanMoss.TapTalk;
				PRODUCT_NAME = "$(TARGET_NAME)";
				SWIFT_VERSION = 5.0;
				TARGETED_DEVICE_FAMILY = "1,2";
			};
			name = Release;
		};
/* End XCBuildConfiguration section */

/* Begin XCConfigurationList section */
		43DEBC7922FB1ED9001196D2 /* Build configuration list for PBXProject "TapTalk" */ = {
			isa = XCConfigurationList;
			buildConfigurations = (
				43DEBC8E22FB1EDA001196D2 /* Debug */,
				43DEBC8F22FB1EDA001196D2 /* Release */,
			);
			defaultConfigurationIsVisible = 0;
			defaultConfigurationName = Release;
		};
		43DEBC9022FB1EDA001196D2 /* Build configuration list for PBXNativeTarget "TapTalk" */ = {
			isa = XCConfigurationList;
			buildConfigurations = (
				43DEBC9122FB1EDA001196D2 /* Debug */,
				43DEBC9222FB1EDA001196D2 /* Release */,
			);
			defaultConfigurationIsVisible = 0;
			defaultConfigurationName = Release;
		};
/* End XCConfigurationList section */
	};
	rootObject = 43DEBC7622FB1ED9001196D2 /* Project object */;
}
